
Microsoft Visual Studio Solution File, Format Version 12.00
# Visual Studio Version 17
VisualStudioVersion = 17.12.35506.116
MinimumVisualStudioVersion = 10.0.40219.1
Project("{FAE04EC0-301F-11D3-BF4B-00C04F79EFBC}") = "QuadrosNBR.Teste", "Teste\QuadrosNBR.Teste.csproj", "{15BAE309-E9E5-4826-92DD-61A2C31FEDAB}"
EndProject
Project("{FAE04EC0-301F-11D3-BF4B-00C04F79EFBC}") = "QuadrosNBR.Infraestrutura", "Infraestrutura\QuadrosNBR.Infraestrutura.csproj", "{47D1A3F2-2B9C-40C1-A331-1FCBD3A3B1EC}"
EndProject
Project("{FAE04EC0-301F-11D3-BF4B-00C04F79EFBC}") = "QuadrosNBR.Aplicacao", "Aplicacao\QuadrosNBR.Aplicacao.csproj", "{1CAC32A0-61A4-48E3-AD48-F648CA2D9DBB}"
EndProject
Project("{FAE04EC0-301F-11D3-BF4B-00C04F79EFBC}") = "QuadrosNBR.Api", "Api\QuadrosNBR.Api.csproj", "{4FF12E3A-84B4-49F3-972F-5129E9F6CB8A}"
EndProject
Project("{FAE04EC0-301F-11D3-BF4B-00C04F79EFBC}") = "QuadrosNBR.Web", "Web\QuadrosNBR.Web.csproj", "{16DEB2A5-2EFA-486A-B47D-99106B9E88C4}"
EndProject
Project("{FAE04EC0-301F-11D3-BF4B-00C04F79EFBC}") = "QuadrosNBR.Dominio", "Dominio\QuadrosNBR.Dominio.csproj", "{FED330E8-1F45-424C-B6AE-BC24E15C63F3}"
EndProject
Project("{FAE04EC0-301F-11D3-BF4B-00C04F79EFBC}") = "QuadrosNBR.Bootstrap", "QuadrosNBR.Bootstrap\QuadrosNBR.Bootstrap.csproj", "{F0E070FD-76E7-4BD7-8B09-9E7F44698B03}"
EndProject
Global
	GlobalSection(SolutionConfigurationPlatforms) = preSolution
		Debug|Any CPU = Debug|Any CPU
		Debug|x64 = Debug|x64
		Debug|x86 = Debug|x86
		DebugLocal|Any CPU = DebugLocal|Any CPU
		DebugLocal|x64 = DebugLocal|x64
		DebugLocal|x86 = DebugLocal|x86
		Release|Any CPU = Release|Any CPU
		Release|x64 = Release|x64
		Release|x86 = Release|x86
	EndGlobalSection
	GlobalSection(ProjectConfigurationPlatforms) = postSolution
		{15BAE309-E9E5-4826-92DD-61A2C31FEDAB}.Debug|Any CPU.ActiveCfg = Debug|Any CPU
		{15BAE309-E9E5-4826-92DD-61A2C31FEDAB}.Debug|Any CPU.Build.0 = Debug|Any CPU
		{15BAE309-E9E5-4826-92DD-61A2C31FEDAB}.Debug|x64.ActiveCfg = Debug|x64
		{15BAE309-E9E5-4826-92DD-61A2C31FEDAB}.Debug|x64.Build.0 = Debug|x64
		{15BAE309-E9E5-4826-92DD-61A2C31FEDAB}.Debug|x86.ActiveCfg = Debug|x86
		{15BAE309-E9E5-4826-92DD-61A2C31FEDAB}.Debug|x86.Build.0 = Debug|x86
		{15BAE309-E9E5-4826-92DD-61A2C31FEDAB}.DebugLocal|Any CPU.ActiveCfg = Debug|Any CPU
		{15BAE309-E9E5-4826-92DD-61A2C31FEDAB}.DebugLocal|Any CPU.Build.0 = Debug|Any CPU
		{15BAE309-E9E5-4826-92DD-61A2C31FEDAB}.DebugLocal|x64.ActiveCfg = Debug|x64
		{15BAE309-E9E5-4826-92DD-61A2C31FEDAB}.DebugLocal|x64.Build.0 = Debug|x64
		{15BAE309-E9E5-4826-92DD-61A2C31FEDAB}.DebugLocal|x86.ActiveCfg = Debug|x86
		{15BAE309-E9E5-4826-92DD-61A2C31FEDAB}.DebugLocal|x86.Build.0 = Debug|x86
		{15BAE309-E9E5-4826-92DD-61A2C31FEDAB}.Release|Any CPU.ActiveCfg = Release|Any CPU
		{15BAE309-E9E5-4826-92DD-61A2C31FEDAB}.Release|Any CPU.Build.0 = Release|Any CPU
		{15BAE309-E9E5-4826-92DD-61A2C31FEDAB}.Release|x64.ActiveCfg = Release|x64
		{15BAE309-E9E5-4826-92DD-61A2C31FEDAB}.Release|x64.Build.0 = Release|x64
		{15BAE309-E9E5-4826-92DD-61A2C31FEDAB}.Release|x86.ActiveCfg = Release|x86
		{15BAE309-E9E5-4826-92DD-61A2C31FEDAB}.Release|x86.Build.0 = Release|x86
		{47D1A3F2-2B9C-40C1-A331-1FCBD3A3B1EC}.Debug|Any CPU.ActiveCfg = Debug|Any CPU
		{47D1A3F2-2B9C-40C1-A331-1FCBD3A3B1EC}.Debug|Any CPU.Build.0 = Debug|Any CPU
		{47D1A3F2-2B9C-40C1-A331-1FCBD3A3B1EC}.Debug|x64.ActiveCfg = Debug|x64
		{47D1A3F2-2B9C-40C1-A331-1FCBD3A3B1EC}.Debug|x64.Build.0 = Debug|x64
		{47D1A3F2-2B9C-40C1-A331-1FCBD3A3B1EC}.Debug|x86.ActiveCfg = Debug|x86
		{47D1A3F2-2B9C-40C1-A331-1FCBD3A3B1EC}.Debug|x86.Build.0 = Debug|x86
		{47D1A3F2-2B9C-40C1-A331-1FCBD3A3B1EC}.DebugLocal|Any CPU.ActiveCfg = Debug|Any CPU
		{47D1A3F2-2B9C-40C1-A331-1FCBD3A3B1EC}.DebugLocal|Any CPU.Build.0 = Debug|Any CPU
		{47D1A3F2-2B9C-40C1-A331-1FCBD3A3B1EC}.DebugLocal|x64.ActiveCfg = Debug|x64
		{47D1A3F2-2B9C-40C1-A331-1FCBD3A3B1EC}.DebugLocal|x64.Build.0 = Debug|x64
		{47D1A3F2-2B9C-40C1-A331-1FCBD3A3B1EC}.DebugLocal|x86.ActiveCfg = Debug|x86
		{47D1A3F2-2B9C-40C1-A331-1FCBD3A3B1EC}.DebugLocal|x86.Build.0 = Debug|x86
		{47D1A3F2-2B9C-40C1-A331-1FCBD3A3B1EC}.Release|Any CPU.ActiveCfg = Release|Any CPU
		{47D1A3F2-2B9C-40C1-A331-1FCBD3A3B1EC}.Release|Any CPU.Build.0 = Release|Any CPU
		{47D1A3F2-2B9C-40C1-A331-1FCBD3A3B1EC}.Release|x64.ActiveCfg = Release|x64
		{47D1A3F2-2B9C-40C1-A331-1FCBD3A3B1EC}.Release|x64.Build.0 = Release|x64
		{47D1A3F2-2B9C-40C1-A331-1FCBD3A3B1EC}.Release|x86.ActiveCfg = Release|x86
		{47D1A3F2-2B9C-40C1-A331-1FCBD3A3B1EC}.Release|x86.Build.0 = Release|x86
		{1CAC32A0-61A4-48E3-AD48-F648CA2D9DBB}.Debug|Any CPU.ActiveCfg = Debug|Any CPU
		{1CAC32A0-61A4-48E3-AD48-F648CA2D9DBB}.Debug|Any CPU.Build.0 = Debug|Any CPU
		{1CAC32A0-61A4-48E3-AD48-F648CA2D9DBB}.Debug|x64.ActiveCfg = Debug|x64
		{1CAC32A0-61A4-48E3-AD48-F648CA2D9DBB}.Debug|x64.Build.0 = Debug|x64
		{1CAC32A0-61A4-48E3-AD48-F648CA2D9DBB}.Debug|x86.ActiveCfg = Debug|x86
		{1CAC32A0-61A4-48E3-AD48-F648CA2D9DBB}.Debug|x86.Build.0 = Debug|x86
		{1CAC32A0-61A4-48E3-AD48-F648CA2D9DBB}.DebugLocal|Any CPU.ActiveCfg = Debug|Any CPU
		{1CAC32A0-61A4-48E3-AD48-F648CA2D9DBB}.DebugLocal|Any CPU.Build.0 = Debug|Any CPU
		{1CAC32A0-61A4-48E3-AD48-F648CA2D9DBB}.DebugLocal|x64.ActiveCfg = Debug|x64
		{1CAC32A0-61A4-48E3-AD48-F648CA2D9DBB}.DebugLocal|x64.Build.0 = Debug|x64
		{1CAC32A0-61A4-48E3-AD48-F648CA2D9DBB}.DebugLocal|x86.ActiveCfg = Debug|x86
		{1CAC32A0-61A4-48E3-AD48-F648CA2D9DBB}.DebugLocal|x86.Build.0 = Debug|x86
		{1CAC32A0-61A4-48E3-AD48-F648CA2D9DBB}.Release|Any CPU.ActiveCfg = Release|Any CPU
		{1CAC32A0-61A4-48E3-AD48-F648CA2D9DBB}.Release|Any CPU.Build.0 = Release|Any CPU
		{1CAC32A0-61A4-48E3-AD48-F648CA2D9DBB}.Release|x64.ActiveCfg = Release|x64
		{1CAC32A0-61A4-48E3-AD48-F648CA2D9DBB}.Release|x64.Build.0 = Release|x64
		{1CAC32A0-61A4-48E3-AD48-F648CA2D9DBB}.Release|x86.ActiveCfg = Release|x86
		{1CAC32A0-61A4-48E3-AD48-F648CA2D9DBB}.Release|x86.Build.0 = Release|x86
		{4FF12E3A-84B4-49F3-972F-5129E9F6CB8A}.Debug|Any CPU.ActiveCfg = Debug|Any CPU
		{4FF12E3A-84B4-49F3-972F-5129E9F6CB8A}.Debug|Any CPU.Build.0 = Debug|Any CPU
		{4FF12E3A-84B4-49F3-972F-5129E9F6CB8A}.Debug|x64.ActiveCfg = Debug|x64
		{4FF12E3A-84B4-49F3-972F-5129E9F6CB8A}.Debug|x64.Build.0 = Debug|x64
		{4FF12E3A-84B4-49F3-972F-5129E9F6CB8A}.Debug|x86.ActiveCfg = Debug|x86
		{4FF12E3A-84B4-49F3-972F-5129E9F6CB8A}.Debug|x86.Build.0 = Debug|x86
		{4FF12E3A-84B4-49F3-972F-5129E9F6CB8A}.DebugLocal|Any CPU.ActiveCfg = Debug|Any CPU
		{4FF12E3A-84B4-49F3-972F-5129E9F6CB8A}.DebugLocal|Any CPU.Build.0 = Debug|Any CPU
		{4FF12E3A-84B4-49F3-972F-5129E9F6CB8A}.DebugLocal|x64.ActiveCfg = Debug|x64
		{4FF12E3A-84B4-49F3-972F-5129E9F6CB8A}.DebugLocal|x64.Build.0 = Debug|x64
		{4FF12E3A-84B4-49F3-972F-5129E9F6CB8A}.DebugLocal|x86.ActiveCfg = Debug|x86
		{4FF12E3A-84B4-49F3-972F-5129E9F6CB8A}.DebugLocal|x86.Build.0 = Debug|x86
		{4FF12E3A-84B4-49F3-972F-5129E9F6CB8A}.Release|Any CPU.ActiveCfg = Release|Any CPU
		{4FF12E3A-84B4-49F3-972F-5129E9F6CB8A}.Release|Any CPU.Build.0 = Release|Any CPU
		{4FF12E3A-84B4-49F3-972F-5129E9F6CB8A}.Release|x64.ActiveCfg = Release|x64
		{4FF12E3A-84B4-49F3-972F-5129E9F6CB8A}.Release|x64.Build.0 = Release|x64
		{4FF12E3A-84B4-49F3-972F-5129E9F6CB8A}.Release|x86.ActiveCfg = Release|x86
		{4FF12E3A-84B4-49F3-972F-5129E9F6CB8A}.Release|x86.Build.0 = Release|x86
		{16DEB2A5-2EFA-486A-B47D-99106B9E88C4}.Debug|Any CPU.ActiveCfg = Debug|Any CPU
		{16DEB2A5-2EFA-486A-B47D-99106B9E88C4}.Debug|Any CPU.Build.0 = Debug|Any CPU
		{16DEB2A5-2EFA-486A-B47D-99106B9E88C4}.Debug|x64.ActiveCfg = Debug|x64
		{16DEB2A5-2EFA-486A-B47D-99106B9E88C4}.Debug|x64.Build.0 = Debug|x64
		{16DEB2A5-2EFA-486A-B47D-99106B9E88C4}.Debug|x86.ActiveCfg = Debug|x86
		{16DEB2A5-2EFA-486A-B47D-99106B9E88C4}.Debug|x86.Build.0 = Debug|x86
		{16DEB2A5-2EFA-486A-B47D-99106B9E88C4}.DebugLocal|Any CPU.ActiveCfg = Debug|Any CPU
		{16DEB2A5-2EFA-486A-B47D-99106B9E88C4}.DebugLocal|Any CPU.Build.0 = Debug|Any CPU
		{16DEB2A5-2EFA-486A-B47D-99106B9E88C4}.DebugLocal|x64.ActiveCfg = Debug|x64
		{16DEB2A5-2EFA-486A-B47D-99106B9E88C4}.DebugLocal|x64.Build.0 = Debug|x64
		{16DEB2A5-2EFA-486A-B47D-99106B9E88C4}.DebugLocal|x86.ActiveCfg = Debug|x86
		{16DEB2A5-2EFA-486A-B47D-99106B9E88C4}.DebugLocal|x86.Build.0 = Debug|x86
		{16DEB2A5-2EFA-486A-B47D-99106B9E88C4}.Release|Any CPU.ActiveCfg = Release|Any CPU
		{16DEB2A5-2EFA-486A-B47D-99106B9E88C4}.Release|Any CPU.Build.0 = Release|Any CPU
		{16DEB2A5-2EFA-486A-B47D-99106B9E88C4}.Release|x64.ActiveCfg = Release|x64
		{16DEB2A5-2EFA-486A-B47D-99106B9E88C4}.Release|x64.Build.0 = Release|x64
		{16DEB2A5-2EFA-486A-B47D-99106B9E88C4}.Release|x86.ActiveCfg = Release|x86
		{16DEB2A5-2EFA-486A-B47D-99106B9E88C4}.Release|x86.Build.0 = Release|x86
		{FED330E8-1F45-424C-B6AE-BC24E15C63F3}.Debug|Any CPU.ActiveCfg = Debug|Any CPU
		{FED330E8-1F45-424C-B6AE-BC24E15C63F3}.Debug|Any CPU.Build.0 = Debug|Any CPU
		{FED330E8-1F45-424C-B6AE-BC24E15C63F3}.Debug|x64.ActiveCfg = Debug|x64
		{FED330E8-1F45-424C-B6AE-BC24E15C63F3}.Debug|x64.Build.0 = Debug|x64
		{FED330E8-1F45-424C-B6AE-BC24E15C63F3}.Debug|x86.ActiveCfg = Debug|x86
		{FED330E8-1F45-424C-B6AE-BC24E15C63F3}.Debug|x86.Build.0 = Debug|x86
		{FED330E8-1F45-424C-B6AE-BC24E15C63F3}.DebugLocal|Any CPU.ActiveCfg = Debug|Any CPU
		{FED330E8-1F45-424C-B6AE-BC24E15C63F3}.DebugLocal|Any CPU.Build.0 = Debug|Any CPU
		{FED330E8-1F45-424C-B6AE-BC24E15C63F3}.DebugLocal|x64.ActiveCfg = Debug|x64
		{FED330E8-1F45-424C-B6AE-BC24E15C63F3}.DebugLocal|x64.Build.0 = Debug|x64
		{FED330E8-1F45-424C-B6AE-BC24E15C63F3}.DebugLocal|x86.ActiveCfg = Debug|x86
		{FED330E8-1F45-424C-B6AE-BC24E15C63F3}.DebugLocal|x86.Build.0 = Debug|x86
		{FED330E8-1F45-424C-B6AE-BC24E15C63F3}.Release|Any CPU.ActiveCfg = Release|Any CPU
		{FED330E8-1F45-424C-B6AE-BC24E15C63F3}.Release|Any CPU.Build.0 = Release|Any CPU
		{FED330E8-1F45-424C-B6AE-BC24E15C63F3}.Release|x64.ActiveCfg = Release|x64
		{FED330E8-1F45-424C-B6AE-BC24E15C63F3}.Release|x64.Build.0 = Release|x64
		{FED330E8-1F45-424C-B6AE-BC24E15C63F3}.Release|x86.ActiveCfg = Release|x86
		{FED330E8-1F45-424C-B6AE-BC24E15C63F3}.Release|x86.Build.0 = Release|x86
		{F0E070FD-76E7-4BD7-8B09-9E7F44698B03}.Debug|Any CPU.ActiveCfg = Debug|Any CPU
		{F0E070FD-76E7-4BD7-8B09-9E7F44698B03}.Debug|Any CPU.Build.0 = Debug|Any CPU
		{F0E070FD-76E7-4BD7-8B09-9E7F44698B03}.Debug|x64.ActiveCfg = Debug|x64
		{F0E070FD-76E7-4BD7-8B09-9E7F44698B03}.Debug|x64.Build.0 = Debug|x64
		{F0E070FD-76E7-4BD7-8B09-9E7F44698B03}.Debug|x86.ActiveCfg = Debug|x86
		{F0E070FD-76E7-4BD7-8B09-9E7F44698B03}.Debug|x86.Build.0 = Debug|x86
		{F0E070FD-76E7-4BD7-8B09-9E7F44698B03}.DebugLocal|Any CPU.ActiveCfg = Debug|Any CPU
		{F0E070FD-76E7-4BD7-8B09-9E7F44698B03}.DebugLocal|Any CPU.Build.0 = Debug|Any CPU
		{F0E070FD-76E7-4BD7-8B09-9E7F44698B03}.DebugLocal|x64.ActiveCfg = Debug|x64
		{F0E070FD-76E7-4BD7-8B09-9E7F44698B03}.DebugLocal|x64.Build.0 = Debug|x64
		{F0E070FD-76E7-4BD7-8B09-9E7F44698B03}.DebugLocal|x86.ActiveCfg = Debug|x86
		{F0E070FD-76E7-4BD7-8B09-9E7F44698B03}.DebugLocal|x86.Build.0 = Debug|x86
		{F0E070FD-76E7-4BD7-8B09-9E7F44698B03}.Release|Any CPU.ActiveCfg = Release|Any CPU
		{F0E070FD-76E7-4BD7-8B09-9E7F44698B03}.Release|Any CPU.Build.0 = Release|Any CPU
		{F0E070FD-76E7-4BD7-8B09-9E7F44698B03}.Release|x64.ActiveCfg = Release|x64
		{F0E070FD-76E7-4BD7-8B09-9E7F44698B03}.Release|x64.Build.0 = Release|x64
		{F0E070FD-76E7-4BD7-8B09-9E7F44698B03}.Release|x86.ActiveCfg = Release|x86
		{F0E070FD-76E7-4BD7-8B09-9E7F44698B03}.Release|x86.Build.0 = Release|x86
	EndGlobalSection
	GlobalSection(SolutionProperties) = preSolution
		HideSolutionNode = FALSE
	EndGlobalSection
EndGlobal
